version = 1
revision = 3
requires-python = "==3.14.*"

[[package]]
name = "affine"
version = "3.0.1"
source = { registry = "https://pypi.org/simple" }
dependencies = [
    { name = "attrs" },
]
sdist = { url = "https://files.pythonhosted.org/packages/63/e9/4a4480601992a529c5d0f406605f70ca59aeaef4a6f5ba8905cfde217d0b/affine-3.0.1.tar.gz", hash = "sha256:e1b3c38c5d4d3ef5024a182a6d1bf1e0c51ab221825781c741aeb4d0c079a7e2", size = 20981, upload-time = "2026-08-28T18:38:14.452Z" }
wheels = [
    { url = "https://files.pythonhosted.org/packages/3d/87/e62f55c956b583380e7d2a71705dfd431ee32dd1689d50491ba0c610fc11/affine-3.0.1-py3-none-any.whl", hash = "sha256:cda3b303325e7bf2bf34817e68753a0d1c4cacbdd451fe67c4878dc2ecbaa540", size = 10887, upload-time = "2026-08-28T18:38:12.837Z" },
]

[[package]]
name = "attrs"
version = "26.1.0"
source = { registry = "https://pypi.org/simple" }
sdist = { url = "https://files.pythonhosted.org/packages/9a/8e/82a0fe20a541c03148528be8cac2408564a6c9a0cc7e9171802bc1d26985/attrs-26.1.0.tar.gz", hash = "sha256:d03ceb89cb322a8fd706d4fb91940737b6642aa36998fe130a9bc96c985eff32", size = 952055, upload-time = "2026-03-19T14:22:25.026Z" }
wheels = [
    { url = "https://files.pythonhosted.org/packages/64/b4/17d4b0b2a2dc85a6df63d1157e028ed19f90d4cd97c36717afef2bc2f395/attrs-26.1.0-py3-none-any.whl", hash = "sha256:c647aa4a12dfbad9333ca4e71fe62ddc36f4e63b2d260a37a8b83d2f043ac309", size = 67548, upload-time = "2026-03-19T14:22:23.645Z" },
]

[[package]]
name = "certifi"
version = "2026.7.22"
source = { registry = "https://pypi.org/simple" }
sdist = { url = "https://files.pythonhosted.org/packages/a3/c2/24167ea9858356b47a87a50d39908bfdb72ceeefe0041586e704e5376b3a/certifi-2026.7.22.tar.gz", hash = "sha256:741e2c3b351ddf169a738da9f2c048608ff7f2c5cc02f1ebc6b118bb090d5d55", size = 138112, upload-time = "2026-07-22T03:35:12.644Z" }
wheels = [
    { url = "https://files.pythonhosted.org/packages/0b/a7/71ac2cff56fec219ed242bb11b8efb69fcc4bec75db06fb7bfe35de520e6/certifi-2026.7.22-py3-none-any.whl", hash = "sha256:62f22742b58a1a33014a2b6b706588a8d7e2a88ae7bd1a6ebe8c992928483775", size = 136983, upload-time = "2026-07-22T03:35:11.276Z" },
]

[[package]]
name = "click"
version = "8.5.0"
source = { registry = "https://pypi.org/simple" }
sdist = { url = "https://files.pythonhosted.org/packages/c7/0e/7fa0ef50764b67090eca4114772a2abf8b6148198475e54c660b97caeee6/click-8.5.0.tar.gz", hash = "sha256:ba0d2089de75ea0310e2dde03160e6ca10009947fb95a182f9b54021bb272e34", size = 382235, upload-time = "2026-08-26T13:33:14.56Z" }
wheels = [
    { url = "https://files.pythonhosted.org/packages/58/50/6c0d534c5f134586a8e1ba4e330569e32f057e33372ae556463212fb4cd3/click-8.5.0-py3-none-any.whl", hash = "sha256:255bc9599cf7748b4b1a446ccc735421bd08a2ae529a8b88597d3de5664ee360", size = 125251, upload-time = "2026-08-26T13:33:12.928Z" },
]

[[package]]
name = "colorama"
version = "0.4.6"
source = { registry = "https://pypi.org/simple" }
sdist = { url = "https://files.pythonhosted.org/packages/d8/53/6f443c9a4a8358a93a6792e2acffb9d9d5cb0a5cfd8802644b7b1c9a02e4/colorama-0.4.6.tar.gz", hash = "sha256:08695f5cb7ed6e0531a20572697297273c47b8cae5a63ffc6d6ed5c201be6e44", size = 27697, upload-time = "2022-10-25T02:36:22.414Z" }
wheels = [
    { url = "https://files.pythonhosted.org/packages/d1/d6/3965ed04c63042e047cb6a3e6ed1a63a35087b6a609aa3a15ed8ac56c221/colorama-0.4.6-py2.py3-none-any.whl", hash = "sha256:4f1d9991f5acc0ca119f9d443620b77f9d6b33703e51011c16baf57afb285fc6", size = 25335, upload-time = "2022-10-25T02:36:20.889Z" },
]

[[package]]
name = "forager-forecast"
version = "0.0.1"
source = { editable = "." }
dependencies = [
    { name = "lightgbm" },
    { name = "pyproj" },
    { name = "rasterio" },
]

[package.dev-dependencies]
dev = [
    { name = "pytest" },
    { name = "ruff" },
]

[package.metadata]
requires-dist = [
    { name = "lightgbm", specifier = "==4.7.0" },
    { name = "pyproj", specifier = "==3.8.0" },
    { name = "rasterio", specifier = "==1.5.1" },
]

[package.metadata.requires-dev]
dev = [
    { name = "pytest", specifier = "==9.1.1" },
    { name = "ruff", specifier = "==0.16.8" },
]

[[package]]
name = "iniconfig"
version = "2.3.0"
source = { registry = "https://pypi.org/simple" }
sdist = { url = "https://files.pythonhosted.org/packages/72/34/14ca021ce8e5dfedc35312d08ba8bf51fdd999c576889fc2c24cb97f4f10/iniconfig-2.3.0.tar.gz", hash = "sha256:c76315c77db068650d49c5b56314774a7804df16fee4402c1f19d6d15d8c4730", size = 20503, upload-time = "2025-10-18T21:55:43.219Z" }
wheels = [
    { url = "https://files.pythonhosted.org/packages/cb/b1/3846dd7f199d53cb17f49cba7e651e9ce294d8497c8c150530ed11865bb8/iniconfig-2.3.0-py3-none-any.whl", hash = "sha256:f631c04d2c48c52b84d0d0549c99ff3859c98df65b3101406327ecc7d53fbf12", size = 7484, upload-time = "2025-10-18T21:55:41.639Z" },
]

[[package]]
name = "lightgbm"
version = "4.7.0"
source = { registry = "https://pypi.org/simple" }
dependencies = [
    { name = "narwhals" },
    { name = "numpy" },
    { name = "scipy" },
]
sdist = { url = "https://files.pythonhosted.org/packages/63/8e/4db5e29290d7e619c307fdb8dab0a0514090af2ce3ec483050e024ec6126/lightgbm-4.7.0.tar.gz", hash = "sha256:f8e20f682c9aabd000bcf4a7ed8aa6f473c1adfecccae34ec24e823d156f4af0", size = 1792896, upload-time = "2026-07-18T21:00:56.139Z" }
wheels = [
    { url = "https://files.pythonhosted.org/packages/cd/05/7213965863cba1ed0150ad045bceed6276a1afaaaedbaeff4699ec4f0ccb/lightgbm-4.7.0-py3-none-macosx_10_15_x86_64.whl", hash = "sha256:dfc1cfe8e760387be1e7ba7a214688be21fdff96e4ed9749188f83e1877c2477", size = 1877851, upload-time = "2026-07-18T21:00:35.225Z" },
    { url = "https://files.pythonhosted.org/packages/b2/86/f4fe714f2e0bf3941705a20d7f6849dc476276d71236e82ea6b0d6539b86/lightgbm-4.7.0-py3-none-macosx_12_0_arm64.whl", hash = "sha256:129535462686f274df179133643118c5c5c5667167fe6c3a28d955f0b3c8e868", size = 1498914, upload-time = "2026-07-18T21:00:36.549Z" },
    { url = "https://files.pythonhosted.org/packages/c6/a3/b29580948b92e8c2f84dea70118ac702ff067dc52ec4ffb5d73c953536a5/lightgbm-4.7.0-py3-none-manylinux2014_aarch64.manylinux_2_17_aarch64.whl", hash = "sha256:d4529acec5c6fefe4768302a529707d0ead90f6a6f42df694b856212e09695b8", size = 3349492, upload-time = "2026-07-18T21:00:37.943Z" },
    { url = "https://files.pythonhosted.org/packages/15/eb/837ea3b40cc36e22eeebb9785c01e42b2c255d033eea1d2d9ee8e2540e55/lightgbm-4.7.0-py3-none-manylinux_2_27_x86_64.manylinux_2_28_x86_64.whl", hash = "sha256:d23e922acd891e77212e4d0fbcee9ba973c96dee479491341d05ba595357ebb7", size = 3476028, upload-time = "2026-07-18T21:00:39.331Z" },
    { url = "https://files.pythonhosted.org/packages/d5/0b/c5c17d862b12ce292f24cd85d40f2f8f8981668fbdbd43fdc2625eccbc79/lightgbm-4.7.0-py3-none-win_amd64.whl", hash = "sha256:f42d1e5b32b6f170e606d7c689c6165671da98d7bf37f1addec2623efc8740c9", size = 1360833, upload-time = "2026-07-18T21:00:40.865Z" },
]

[[package]]
name = "narwhals"
version = "2.26.0"
source = { registry = "https://pypi.org/simple" }
sdist = { url = "https://files.pythonhosted.org/packages/35/68/5351e34623d253423240ea7de3f8fc74fa8ab14b1ab3c0ec4ac8997413c9/narwhals-2.26.0.tar.gz", hash = "sha256:6b9cadca82f375c7e4cf584fdc86ca25da54827307a9c58f94547ee6104b82dd", size = 686970, upload-time = "2026-09-08T13:32:08.964Z" }
wheels = [
    { url = "https://files.pythonhosted.org/packages/40/b5/1b84b2c784db76d69442334bc8b8748c840f13ca53be086f4f250ad4a0bc/narwhals-2.26.0-py3-none-any.whl", hash = "sha256:29326d74f107c347fd1009bd58e38d9f7c7c5b51e6de97bc93dbc325d9038b54", size = 474034, upload-time = "2026-09-08T13:32:07.159Z" },
]

[[package]]
name = "numpy"
version = "2.5.3"
source = { registry = "https://pypi.org/simple" }
sdist = { url = "https://files.pythonhosted.org/packages/13/01/11703282db468b85f6f7b8c7f22d058de5970d5c7e60a3a8aaa313c3de36/numpy-2.5.3.tar.gz", hash = "sha256:df2d5874ff183595a4ba404edd04f6bd9b5505c1d7708573f6a6c17489a67563", size = 20791231, upload-time = "2026-09-06T16:27:47.073Z" }
wheels = [
    { url = "https://files.pythonhosted.org/packages/70/78/cf416f15dc29375a229d9dfebf8db6e313f291580b39fa1a568b6052bb07/numpy-2.5.3-cp314-cp314-macosx_10_15_x86_64.whl", hash = "sha256:350ba9783ce969cf9f7ce6e6a9a58e1a6e2a19ca025b7ee448c4db727706212a", size = 16998686, upload-time = "2026-09-06T16:25:33.171Z" },
    { url = "https://files.pythonhosted.org/packages/9e/59/abcc2d8def4fd60eec7d87f92d27c13448ffd9ab14339bcc63a0d7a2fdea/numpy-2.5.3-cp314-cp314-macosx_11_0_arm64.whl", hash = "sha256:012e66aca395d795496446e52aeeb5866312a5d4d3f27da270e5a0b43f70dc5c", size = 12013862, upload-time = "2026-09-06T16:25:36.748Z" },
    { url = "https://files.pythonhosted.org/packages/94/75/4640d2d6e4b64a049e48425a82728a41ef4adb61332d2cba68055774878b/numpy-2.5.3-cp314-cp314-macosx_14_0_arm64.whl", hash = "sha256:adc1ada2662f8a5f960b8a10d9986897e7499ef07e06d4cfe7197f8cce923c07", size = 5449793, upload-time = "2026-09-06T16:25:39.476Z" },
    { url = "https://files.pythonhosted.org/packages/96/cd/625b57ae33d4ca560f32cc0b47b4a5922146d9beb998ddf773900d440a73/numpy-2.5.3-cp314-cp314-macosx_14_0_x86_64.whl", hash = "sha256:54a115e5a73b8fc44f0cebef486365a1894b5c9760685d4558b72b7c3eb846e0", size = 6785176, upload-time = "2026-09-06T16:25:42.069Z" },
    { url = "https://files.pythonhosted.org/packages/9c/72/12918652e7912ef9751e8694c88820fcd1908e0618cb23f5f3caa6004b7b/numpy-2.5.3-cp314-cp314-manylinux_2_27_aarch64.manylinux_2_28_aarch64.whl", hash = "sha256:be5a8381859b6da607c84f4f7d6847725f1cf1853ef8a2c9e115b7d58bef47dc", size = 15703377, upload-time = "2026-09-06T16:25:45.135Z" },
    { url = "https://files.pythonhosted.org/packages/45/8f/9beacf79ca7c650688ad0baa80931adb988fe6e6e5d5903c23cc3dbd70eb/numpy-2.5.3-cp314-cp314-manylinux_2_27_x86_64.manylinux_2_28_x86_64.whl", hash = "sha256:b0521d0f4aebb6e06189451025fa17a913287b13c03d5fe05c017333b654ea5b", size = 16711928, upload-time = "2026-09-06T16:25:48.461Z" },
    { url = "https://files.pythonhosted.org/packages/09/8d/41d0a56e1ac4c87495c897a211b1368691b7237aadabec8b3b8f3a74d48f/numpy-2.5.3-cp314-cp314-musllinux_1_2_aarch64.whl", hash = "sha256:9deb49575e5b0b94ed72c8a64ec4d033381adc27e9060ae842971f697ba96104", size = 17059507, upload-time = "2026-09-06T16:25:51.873Z" },
    { url = "https://files.pythonhosted.org/packages/08/1e/0dfbc5cc251d54e2af790f254d24ec38637fa97ec7d5d11de7ffed787098/numpy-2.5.3-cp314-cp314-musllinux_1_2_x86_64.whl", hash = "sha256:b00eefbcf0f292945c4b4dec2ae845389ef5bcdcd596e6e4328051db5b5ba694", size = 18471002, upload-time = "2026-09-06T16:25:55.233Z" },
    { url = "https://files.pythonhosted.org/packages/b5/2c/dfa40f6991f8185c8c30ffd023dfcbb11888e823cfab9557b920f3bb7bed/numpy-2.5.3-cp314-cp314-win32.whl", hash = "sha256:c2381f82999704f818e2c987a865050e285ec3621262c66d40f5a96c8f899f8e", size = 6180485, upload-time = "2026-09-06T16:25:58.157Z" },
    { url = "https://files.pythonhosted.org/packages/a4/73/d2c08231e4fde7e415501fd02c715d96e98599b2d8384445933944152984/numpy-2.5.3-cp314-cp314-win_amd64.whl", hash = "sha256:2c25dfa72943e4336ddb6b0ee4277b47a0c85bede0807530ec68103bf58e2c10", size = 12698179, upload-time = "2026-09-06T16:26:00.789Z" },
    { url = "https://files.pythonhosted.org/packages/5c/e9/dcdcc9b95cf5f49815055573aee1b11cfbf5299f38a180e437ded050810f/numpy-2.5.3-cp314-cp314-win_arm64.whl", hash = "sha256:15aa985ac73a8db02db7663381aa109510449d3819d37206caed27b33a65a8a6", size = 10769383, upload-time = "2026-09-06T16:26:04.011Z" },
    { url = "https://files.pythonhosted.org/packages/49/c4/af8bc08a7ef4e1529a7c0cf24969accce316b783999802089a581ec99272/numpy-2.5.3-cp314-cp314t-macosx_11_0_arm64.whl", hash = "sha256:ac7bb1c52d445bd4f8f7f97fefe6abc3a084dc4d63df50d79b17fa2b78e89297", size = 12132668, upload-time = "2026-09-06T16:26:07.138Z" },
    { url = "https://files.pythonhosted.org/packages/c5/ae/0f15eb56d4ec5e13c1f7ff04ff407f997d1acbadb45d3e1f2e2645a8f43c/numpy-2.5.3-cp314-cp314t-macosx_14_0_arm64.whl", hash = "sha256:e6ab667ba76450084eb64013762c438ea76d9d29cc676dcd6c2e9892ba37f841", size = 5568580, upload-time = "2026-09-06T16:26:09.828Z" },
    { url = "https://files.pythonhosted.org/packages/23/fb/c72a8f25d4b6e96c354e7ab45ace3b27dc11e5d6a13b6c7d0cd6b08bf112/numpy-2.5.3-cp314-cp314t-macosx_14_0_x86_64.whl", hash = "sha256:f7fabeb6cea87d65f3b926de33d03fb016cfdc29314c90974383b5582ae72891", size = 6882634, upload-time = "2026-09-06T16:26:12.524Z" },
    { url = "https://files.pythonhosted.org/packages/07/a9/968c90ed2ab15060c338e8137f1215b5a60756ae07328e0a60d1c6734df4/numpy-2.5.3-cp314-cp314t-manylinux_2_27_aarch64.manylinux_2_28_aarch64.whl", hash = "sha256:1fb6f8fb9ff0b3a69f52c66ce397b0246583e9f28616231b0e32ca49259a5fa6", size = 15748923, upload-time = "2026-09-06T16:26:15.092Z" },
    { url = "https://files.pythonhosted.org/packages/59/08/9df04103947b95e3b6b1f2ed1a70521f325647a31b82da6a2aae3a485508/numpy-2.5.3-cp314-cp314t-manylinux_2_27_x86_64.manylinux_2_28_x86_64.whl", hash = "sha256:93e1f5447e2b1e479d7bd74701e84746b86450cff1fc368b132d195e2b8f8211", size = 16746748, upload-time = "2026-09-06T16:26:18.43Z" },
    { url = "https://files.pythonhosted.org/packages/41/a0/14c8d5fe5b53a334aabb653deb391c0fef49558f491880ea300ed6785224/numpy-2.5.3-cp314-cp314t-musllinux_1_2_aarch64.whl", hash = "sha256:c00abe94c1a69d75d827dcf1c025b25c8a45d230b3bcd77a9020883a1b047653", size = 17111561, upload-time = "2026-09-06T16:26:22.113Z" },
    { url = "https://files.pythonhosted.org/packages/c4/a6/d7e96e42f01522e154c32489640f16dfc4f6181d165d05fc3bec8c2c4999/numpy-2.5.3-cp314-cp314t-musllinux_1_2_x86_64.whl", hash = "sha256:536f963710a4e63934d80ac0dc4f478804a83e9a84b6828018f25d09953ada33", size = 18513945, upload-time = "2026-09-06T16:26:25.401Z" },
    { url = "https://files.pythonhosted.org/packages/25/39/3453afb7119d0449ef11c886874120ff180e2c337760e0e2d88f70f1a945/numpy-2.5.3-cp314-cp314t-win32.whl", hash = "sha256:4c8a6d2ebce6305fd82fbefca827775437147052a976ee7c94b36a0c1b52ac6c", size = 6335421, upload-time = "2026-09-06T16:26:28.175Z" },
    { url = "https://files.pythonhosted.org/packages/99/01/22815d2b19a1a746b1d45205cffebb3fe511a18acb75fba6c88491fc9894/numpy-2.5.3-cp314-cp314t-win_amd64.whl", hash = "sha256:9a37475425b431b4d060f23b4f52cd2f3aef6bc7c654bd760adf0040eec9d435", size = 12896420, upload-time = "2026-09-06T16:26:31.265Z" },
    { url = "https://files.pythonhosted.org/packages/fa/ee/a7cbba67eeaff038dc29ca8b98a88396c8b0cc9c89d4924f4a27a5c9150b/numpy-2.5.3-cp314-cp314t-win_arm64.whl", hash = "sha256:2d8240cb4c16fd831074aa2b2cf9fc54664d826341d61c372245b96a74a49a9a", size = 10857177, upload-time = "2026-09-06T16:26:34.167Z" },
]

[[package]]
name = "packaging"
version = "26.3"
source = { registry = "https://pypi.org/simple" }
sdist = { url = "https://files.pythonhosted.org/packages/7d/fa/3944b40b07da9ce895c0e6303a5ab7d53da063554f534556b134a54d6093/packaging-26.3.tar.gz", hash = "sha256:94edc256424af38762eb31306eed28beb9f0efc50a8837492c9d6fd6004aed79", size = 313412, upload-time = "2026-08-04T18:15:28.737Z" }
wheels = [
    { url = "https://files.pythonhosted.org/packages/63/34/ba1c580383c9eada3711951fef0795c80b829a078d72188184bcab9dd527/packaging-26.3-py3-none-any.whl", hash = "sha256:d7193f7c8e4e93f444fde0262bf90af30e16fa0ad0ad44cb553c87339b23cd1c", size = 129956, upload-time = "2026-08-04T18:15:27.159Z" },
]

[[package]]
name = "pluggy"
version = "1.6.0"
source = { registry = "https://pypi.org/simple" }
sdist = { url = "https://files.pythonhosted.org/packages/f9/e2/3e91f31a7d2b083fe6ef3fa267035b518369d9511ffab804f839851d2779/pluggy-1.6.0.tar.gz", hash = "sha256:7dcc130b76258d33b90f61b658791dede3486c3e6bfb003ee5c9bfb396dd22f3", size = 69412, upload-time = "2025-05-15T12:30:07.975Z" }
wheels = [
    { url = "https://files.pythonhosted.org/packages/54/20/4d324d65cc6d9205fabedc306948156824eb9f0ee1633355a8f7ec5c66bf/pluggy-1.6.0-py3-none-any.whl", hash = "sha256:e920276dd6813095e9377c0bc5566d94c932c33b27a3e3945d8389c374dd4746", size = 20538, upload-time = "2025-05-15T12:30:06.134Z" },
]

[[package]]
name = "pygments"
version = "2.21.0"
source = { registry = "https://pypi.org/simple" }
sdist = { url = "https://files.pythonhosted.org/packages/49/2e/ced460408999b33da6b31b0021b0f37d329e202d4169aeb164493778f25b/pygments-2.21.0.tar.gz", hash = "sha256:610ca751c9bc2492b38eb9a38a7fbc93edbbb2d7182edaf34e66ae493dee5c8c", size = 5005329, upload-time = "2026-08-17T08:02:48.824Z" }
wheels = [
    { url = "https://files.pythonhosted.org/packages/71/46/17f022dd3e953bf20a04a028a21ec746d942f8d2af30fa0f124fa0e6a684/pygments-2.21.0-py3-none-any.whl", hash = "sha256:2363c69b61c4a97c838da3b130dcd6468f4848992b21a82f2a63ec34377137d9", size = 1250147, upload-time = "2026-08-17T08:02:44.912Z" },
]

[[package]]
name = "pyparsing"
version = "3.3.2"
source = { registry = "https://pypi.org/simple" }
sdist = { url = "https://files.pythonhosted.org/packages/f3/91/9c6ee907786a473bf81c5f53cf703ba0957b23ab84c264080fb5a450416f/pyparsing-3.3.2.tar.gz", hash = "sha256:c777f4d763f140633dcb6d8a3eda953bf7a214dc4eff598413c070bcdc117cbc", size = 6851574, upload-time = "2026-01-21T03:57:59.36Z" }
wheels = [
    { url = "https://files.pythonhosted.org/packages/10/bd/c038d7cc38edc1aa5bf91ab8068b63d4308c66c4c8bb3cbba7dfbc049f9c/pyparsing-3.3.2-py3-none-any.whl", hash = "sha256:850ba148bd908d7e2411587e247a1e4f0327839c40e2e5e6d05a007ecc69911d", size = 122781, upload-time = "2026-01-21T03:57:55.912Z" },
]

[[package]]
name = "pyproj"
version = "3.8.0"
source = { registry = "https://pypi.org/simple" }
dependencies = [
    { name = "certifi" },
]
sdist = { url = "https://files.pythonhosted.org/packages/c8/29/6598570c90cbfc84ddefc3ccac4aa412bf51a527d72c74cc4fe64a5e6f24/pyproj-3.8.0.tar.gz", hash = "sha256:efa59725bba68bf97fa808b61302df32934acdceb6a5c92a8dd0e71dc266a876", size = 242018, upload-time = "2026-09-05T20:05:09.353Z" }
wheels = [
    { url = "https://files.pythonhosted.org/packages/1f/f0/9eb71bd1a38680e0bed2dafc7bb86893944c389fc4d1e4861411f9bc00a3/pyproj-3.8.0-cp314-cp314-macosx_14_0_arm64.whl", hash = "sha256:ad96cf05cfea67e54c16b2119b29ea60ba3b3562643ed3e8a0ce0ecc55efb50e", size = 4991052, upload-time = "2026-09-05T20:03:49.004Z" },
    { url = "https://files.pythonhosted.org/packages/fa/be/9c9839d8a95b57d6fea342802073886ce58a64b7f6e8f8d58054f2c245a8/pyproj-3.8.0-cp314-cp314-macosx_15_0_x86_64.whl", hash = "sha256:45d3abdf17a26396f86d353b957323d53e5fc9d9558bed311ae3b1bf6665448d", size = 6098992, upload-time = "2026-09-05T20:03:50.961Z" },
    { url = "https://files.pythonhosted.org/packages/81/f5/3dd3d75c124a12a9fb69f607a8c9d3af15439c78d57f0dc8d30edac3342e/pyproj-3.8.0-cp314-cp314-manylinux_2_28_aarch64.whl", hash = "sha256:0b3ba65286a1ea401ca51fd35f2bd375f26fd29d517d5ee980159f9f739b2109", size = 10047009, upload-time = "2026-09-05T20:03:52.921Z" },
    { url = "https://files.pythonhosted.org/packages/15/7e/ccee7d6b307bb635b47dbd96eb3471c3a7d6053b8f903723756f8a3ba00a/pyproj-3.8.0-cp314-cp314-manylinux_2_28_x86_64.whl", hash = "sha256:8cff207c2a92235f79bb2caab29790e1743776e02331143bc5de4224bd695911", size = 9942031, upload-time = "2026-09-05T20:03:55.327Z" },
    { url = "https://files.pythonhosted.org/packages/2b/1d/48a2f7d3242da15a75f6ef3ec33ebb250c4218735ac1ca0144e8fef7274c/pyproj-3.8.0-cp314-cp314-musllinux_1_2_aarch64.whl", hash = "sha256:c9a4e37ce375a87a407e8771475680b757903be59cd41b29e60f90bd56fa6b65", size = 11438119, upload-time = "2026-09-05T20:03:57.875Z" },
    { url = "https://files.pythonhosted.org/packages/c6/f7/4118e918180a6edc9267c2d7635167f96bd3c7fa634442b92cb7210a8298/pyproj-3.8.0-cp314-cp314-musllinux_1_2_x86_64.whl", hash = "sha256:ba53cff2c6e768f1b84844ff621291c5ab89ac8875bd8036ab6065aaf58cdbd9", size = 11408758, upload-time = "2026-09-05T20:04:00.587Z" },
    { url = "https://files.pythonhosted.org/packages/12/80/7b2aa0703cfd676a8c8545286cc58ea62ca647c60059c185f0ba484a6a92/pyproj-3.8.0-cp314-cp314-win32.whl", hash = "sha256:dba62da116d92a724723b6e206d792993486458369f65db2381f43564d0d2984", size = 6405456, upload-time = "2026-09-05T20:04:02.92Z" },
    { url = "https://files.pythonhosted.org/packages/f9/26/058eaa656d4e4c43a2528b51a39f6d4b3082e6eb38731ddab4088a744bc1/pyproj-3.8.0-cp314-cp314-win_amd64.whl", hash = "sha256:653b49e2d5aa87c22c1c32520700ed8f394583a0174a6e69ceb280bdbee1b4e6", size = 6856493, upload-time = "2026-09-05T20:04:05.836Z" },
    { url = "https://files.pythonhosted.org/packages/a5/41/8c7c837c863611745e4ad6d30ef2f64838ac7dd77532934120abb4e280f4/pyproj-3.8.0-cp314-cp314-win_arm64.whl", hash = "sha256:c211c35bd8bbf6693fd2787bf8cb15bbac6fbdbad4f6495e9baf53e84923b1a8", size = 6815331, upload-time = "2026-09-05T20:04:08.149Z" },
    { url = "https://files.pythonhosted.org/packages/29/2a/c187159cdd3c0d77a47008b67848433c7663f6f330fdda31d33994525ba6/pyproj-3.8.0-cp314-cp314t-macosx_14_0_arm64.whl", hash = "sha256:e2129d03506414ff22fa4bc2541100ce3bfd9b6d1d9af805e77631aae04b866b", size = 5034204, upload-time = "2026-09-05T20:04:09.811Z" },
    { url = "https://files.pythonhosted.org/packages/5a/3a/33a116141601104596f8d13fb8475124fffc0b79eba7dea607eed7d479ad/pyproj-3.8.0-cp314-cp314t-macosx_15_0_x86_64.whl", hash = "sha256:1271c631c28c1d646c1e0b890bd691d1c4b736f9745a9d8a00f750fefd77de9c", size = 6124713, upload-time = "2026-09-05T20:04:11.517Z" },
    { url = "https://files.pythonhosted.org/packages/d4/42/c95c4a06f59271be31b893ddc9b55e3a2c0a577ab6a1204bd4047a3a2898/pyproj-3.8.0-cp314-cp314t-manylinux_2_28_aarch64.whl", hash = "sha256:a510721719b9e3f5964ad8235e3530bdd82a38093266ad037ee08f71fb9995e9", size = 10326257, upload-time = "2026-09-05T20:04:13.682Z" },
    { url = "https://files.pythonhosted.org/packages/2e/ef/a23a52a64fd8669a3bb65e6af754f60b3622f30cfd86092007baec3afcdd/pyproj-3.8.0-cp314-cp314t-manylinux_2_28_x86_64.whl", hash = "sha256:faa68c0996bdd3fd997d86c676e758b72a96209ab14b7c5e8b8dcf3b23f85881", size = 10127655, upload-time = "2026-09-05T20:04:16.52Z" },
    { url = "https://files.pythonhosted.org/packages/de/d5/7ce0841f952c44daff8673636e112e07320dcf19d34cb02b830619eafcfd/pyproj-3.8.0-cp314-cp314t-musllinux_1_2_aarch64.whl", hash = "sha256:fe26eb69e78f8b8d30ee67a6a6cfc172dd6085bc2c164a7143568138cb3a5a39", size = 11645798, upload-time = "2026-09-05T20:04:19.251Z" },
    { url = "https://files.pythonhosted.org/packages/e7/23/f921f08d883431d69486e18c127a4b5ad5d4d47ebc530e89ec49faa9e962/pyproj-3.8.0-cp314-cp314t-musllinux_1_2_x86_64.whl", hash = "sha256:2da8c0be5660e4f261bf1e63c1d51a8c503947af1c0a330e15e5cddec7ef1e5c", size = 11569070, upload-time = "2026-09-05T20:04:22.142Z" },
    { url = "https://files.pythonhosted.org/packages/ba/b1/e1a20545949c2dc13c6dfc80593f07c1ba32eb6d5f7134732eb1306c5540/pyproj-3.8.0-cp314-cp314t-win32.whl", hash = "sha256:cb38a247201b26be0a2513262e0014847fba6a28400a921d26f6d23db924e345", size = 6475514, upload-time = "2026-09-05T20:04:24.428Z" },
    { url = "https://files.pythonhosted.org/packages/af/46/b3def124148728753a60e8ce3123aed8fec135fd050304c8aa9917aeeeae/pyproj-3.8.0-cp314-cp314t-win_amd64.whl", hash = "sha256:cd047cfb04e451b95ff8b91f824e641a54944fbf64dfef7946e4e8bad6f3f752", size = 6946924, upload-time = "2026-09-05T20:04:26.276Z" },
    { url = "https://files.pythonhosted.org/packages/66/24/c6b0cd6cb625ebc07aeea9bccca5802d9685ee178e9da8c03baadc035f2e/pyproj-3.8.0-cp314-cp314t-win_arm64.whl", hash = "sha256:a02db72ac71f36d4da337e43e98f59ec216613d1bbc2aa1543a9488f3a2a17cc", size = 6847919, upload-time = "2026-09-05T20:04:28.301Z" },
]

[[package]]
name = "pytest"
version = "9.1.1"
source = { registry = "https://pypi.org/simple" }
dependencies = [
    { name = "colorama", marker = "sys_platform == 'win32'" },
    { name = "iniconfig" },
    { name = "packaging" },
    { name = "pluggy" },
    { name = "pygments" },
]
sdist = { url = "https://files.pythonhosted.org/packages/e4/47/b9efed96c114afcfa3c9d3fe98a76a1d14c74a9e266d397cf6eb64be5e01/pytest-9.1.1.tar.gz", hash = "sha256:1088fbde8f2b49d95a549a195707afa7a76a3ce9bcadc26b6d71f0ffda5fe313", size = 1636369, upload-time = "2026-06-19T10:58:32.857Z" }
wheels = [
    { url = "https://files.pythonhosted.org/packages/24/25/1de2678b631f5a49215c6c96fff41ba892b0a34df68d6d80292b1b48aa7f/pytest-9.1.1-py3-none-any.whl", hash = "sha256:37a86b45efb9a47a61a36449063e8e18d0cab3161329fc099eb21783169c4f0c", size = 386536, upload-time = "2026-06-19T10:58:31.347Z" },
]

[[package]]
name = "rasterio"
version = "1.5.1"
source = { registry = "https://pypi.org/simple" }
dependencies = [
    { name = "affine" },
    { name = "attrs" },
    { name = "certifi" },
    { name = "click" },
    { name = "numpy" },
    { name = "pyparsing" },
]
sdist = { url = "https://files.pythonhosted.org/packages/1d/1a/ee73b447f1623a6bb6490af08d4bbed3fb6e38b0adc54553a0d244d4103a/rasterio-1.5.1.tar.gz", hash = "sha256:c1b6ae15f4ccad704f1fe8417da5c2250145c7bcdb91acb53833bf5aefdd9e48", size = 457868, upload-time = "2026-08-08T02:45:15.844Z" }
wheels = [
    { url = "https://files.pythonhosted.org/packages/16/ae/90778e26e8c85f8187feeb1b86d789381e5715f005074846ee5568115a00/rasterio-1.5.1-cp314-cp314-macosx_14_0_arm64.whl", hash = "sha256:c8702772d6e91c0578d84af88de7d4926c48b0b6eca33d0660e90d7f37c06bf1", size = 23240236, upload-time = "2026-08-08T02:35:47.185Z" },
    { url = "https://files.pythonhosted.org/packages/e7/3e/27c957e788913445266728e9a81deb3a91fd5b8dff5bc9dd8281b3cceb18/rasterio-1.5.1-cp314-cp314-macosx_15_0_x86_64.whl", hash = "sha256:d8064e9b2820c3f1027399f410d8cdbfb57bdedfad46e5381afb527a9b6f74a2", size = 24951609, upload-time = "2026-08-08T02:34:39.468Z" },
    { url = "https://files.pythonhosted.org/packages/ec/bb/6ca85602f26f55e0b673af34eb458f041f222673549ce6b54f93ba9707b5/rasterio-1.5.1-cp314-cp314-manylinux_2_28_aarch64.whl", hash = "sha256:ee01dc4b114a21078af87da916816c6c62ba5b5d216725f148ae695ef4deebf2", size = 36811929, upload-time = "2026-08-08T02:36:43.183Z" },
    { url = "https://files.pythonhosted.org/packages/1a/4a/d691dfcbf3692ee2f57bc9fa7de61b03fca136cff1927ce08ab72bf4beab/rasterio-1.5.1-cp314-cp314-manylinux_2_28_x86_64.whl", hash = "sha256:5ff9db698a88e716254fb0788768f75d7b58532c8253674261fa05abd40f621e", size = 38176919, upload-time = "2026-08-08T02:33:03.729Z" },
    { url = "https://files.pythonhosted.org/packages/f6/82/cc05ee6ae639801f79c35667bf0b1b163819625483b3231fb70858c1155f/rasterio-1.5.1-cp314-cp314-win_amd64.whl", hash = "sha256:546ca44c4417772a48c5224b037f10330a75cde74b429f07ac43838e20f9b2c9", size = 31446190, upload-time = "2026-08-08T02:38:01.855Z" },
    { url = "https://files.pythonhosted.org/packages/1b/fd/07c25fe92cf9a9e7095f396291dbc48186f17f3320119ccd1d5d8cc91fe9/rasterio-1.5.1-cp314-cp314-win_arm64.whl", hash = "sha256:a685d2e97684b275b12859f9e0b95a8f511a51a2ac51b284428c6f50f1bcfd17", size = 29705188, upload-time = "2026-08-08T02:39:08.802Z" },
    { url = "https://files.pythonhosted.org/packages/f1/54/c4848b8bc666a16dc768d89ab63b2c0f509aa1e94f292d7d6109c081da9b/rasterio-1.5.1-cp314-cp314t-macosx_14_0_arm64.whl", hash = "sha256:c361ed93cb8ceb314bf42d98815f2b6dd0254f7367d2b932435a8cf0aeaecf96", size = 23379128, upload-time = "2026-08-08T02:35:52.521Z" },
    { url = "https://files.pythonhosted.org/packages/66/3a/228a659e55c3da4bec7cdb857ad8fb201ea80a5c85a1bd1717e4c7997788/rasterio-1.5.1-cp314-cp314t-macosx_15_0_x86_64.whl", hash = "sha256:00c78697cb565e97f99deb485fc7f23f28ff30e857124872ef0c5a3e83dd7e47", size = 25062694, upload-time = "2026-08-08T02:34:44.193Z" },
    { url = "https://files.pythonhosted.org/packages/0c/59/15f99c480fffc044dde1ea8cde9c7a746997ceb639c624505f6a058e7f4b/rasterio-1.5.1-cp314-cp314t-manylinux_2_28_aarch64.whl", hash = "sha256:82719d4de76f3bafb165e932ad997b07116aa08621db079750ef1031dc514e11", size = 37417460, upload-time = "2026-08-08T02:36:52.372Z" },
    { url = "https://files.pythonhosted.org/packages/79/9a/7303424657fd71a1f8f4d17d8186de38e98e84f6fe36fe0a8660b7c918bf/rasterio-1.5.1-cp314-cp314t-manylinux_2_28_x86_64.whl", hash = "sha256:8683074903018918341908e714f792ed5d696bad441ecec1787de8eb896573cd", size = 38474098, upload-time = "2026-08-08T02:33:11.294Z" },
    { url = "https://files.pythonhosted.org/packages/2c/54/fbfa20a98485cb39b70574e3bf9bd12603ffc319f80f64e0fbada1c743bf/rasterio-1.5.1-cp314-cp314t-win_amd64.whl", hash = "sha256:c0cd79ed52481d55395f1d3def075ff45173ed07ccd238fddeb0c63522b3d137", size = 31731560, upload-time = "2026-08-08T02:38:09.629Z" },
    { url = "https://files.pythonhosted.org/packages/25/db/89bb06e64809c7644fc221895494068b23d7078509c8d070754bb01043cc/rasterio-1.5.1-cp314-cp314t-win_arm64.whl", hash = "sha256:11e2e9c68971beeec603c2613fa7740cf0a02dd026ef1aaa75d1cdf4246fbde6", size = 29788520, upload-time = "2026-08-08T02:39:15.126Z" },
]

[[package]]
name = "ruff"
version = "0.16.8"
source = { registry = "https://pypi.org/simple" }
sdist = { url = "https://files.pythonhosted.org/packages/ba/78/449cb84790bd5cc3823b2652ee405a4558856e5c4195aee3a16bf7b3eb5d/ruff-0.16.8.tar.gz", hash = "sha256:9247bf92b5f04d825c8639a4fe423ec2e4222acd9222e58412b0dab7e442798b", size = 4938814, upload-time = "2026-09-16T15:54:46.688Z" }
wheels = [
    { url = "https://files.pythonhosted.org/packages/ac/25/6071aabc530e9be7e2c195e8fe3f7aea2735405b6cf447212832d7811831/ruff-0.16.8-py3-none-linux_armv6l.whl", hash = "sha256:6ffbd6d87383c1edf5f6fa890f10200950240d7c1a16052a19a09d3a2307dd38", size = 10048966, upload-time = "2026-09-16T15:53:57.605Z" },
    { url = "https://files.pythonhosted.org/packages/54/98/07f90ecbc74dd5fb5764f11f2bc774d6a7cffef92d2ff5f5b4e9e23c754e/ruff-0.16.8-py3-none-macosx_10_12_x86_64.whl", hash = "sha256:42ed6b878ed61e3acca92f2730a17acff39286944ea82398544696366a6f925e", size = 10165498, upload-time = "2026-09-16T15:54:01.14Z" },
    { url = "https://files.pythonhosted.org/packages/fe/1f/e6a712e3b47cad4a40600134105ed193cb773f618a42eb7ba323cb812cc0/ruff-0.16.8-py3-none-macosx_11_0_arm64.whl", hash = "sha256:7ea781c7f2afba8c6a505ea0fb3f994020249e0c450635f5381286fea6b46170", size = 9830004, upload-time = "2026-09-16T15:54:03.998Z" },
    { url = "https://files.pythonhosted.org/packages/23/f2/311a08776d75d81c7676e20b6b020ae63cbe881fcdc7a8dd64e6e18bdd93/ruff-0.16.8-py3-none-manylinux_2_17_aarch64.manylinux2014_aarch64.whl", hash = "sha256:8efeae3bbe414a5efefda11a792dfb51ef90ac48d50c4830de2f644caf3e8659", size = 9986558, upload-time = "2026-09-16T15:54:06.804Z" },
    { url = "https://files.pythonhosted.org/packages/f3/ed/37b6cb3d3ba8c73e68ae3eb1d502383beb5aa05a582bb7bb3a922f929f54/ruff-0.16.8-py3-none-manylinux_2_17_armv7l.manylinux2014_armv7l.whl", hash = "sha256:3a79b795469fef7fc6e908b218eed2eb17332afd85031db6480dc864560e69b2", size = 9877332, upload-time = "2026-09-16T15:54:09.552Z" },
    { url = "https://files.pythonhosted.org/packages/22/cc/40873a8f36ad084cc540d55fcca7077264d5b13b24659e9180c176fb2b08/ruff-0.16.8-py3-none-manylinux_2_17_i686.manylinux2014_i686.whl", hash = "sha256:3fdc5563cdc50555e6fba39322850860e9267c1b3d12c26a74729d8604c3c812", size = 10507125, upload-time = "2026-09-16T15:54:12.152Z" },
    { url = "https://files.pythonhosted.org/packages/c3/e4/fc91a642b78ccbab6b9477720f3644ae7a10a9bcce69a934679cd64f62bc/ruff-0.16.8-py3-none-manylinux_2_17_ppc64le.manylinux2014_ppc64le.whl", hash = "sha256:34508983c70665578dab88f5223d8e6228307e1135398ca8bfc8b7e9501e282b", size = 11336694, upload-time = "2026-09-16T15:54:15.489Z" },
    { url = "https://files.pythonhosted.org/packages/c2/3d/bbd2a9a600a4e73dc3e7548a249c8d1671273464b55822c6fae50f602dff/ruff-0.16.8-py3-none-manylinux_2_17_s390x.manylinux2014_s390x.whl", hash = "sha256:644bb578569e0ffc575741232bd385dacdd6fbe123f1a729e7a225f54aa3957f", size = 10774448, upload-time = "2026-09-16T15:54:18.16Z" },
    { url = "https://files.pythonhosted.org/packages/1a/41/d83af9879a7b6e8bf5fe16b1da0b134049d2f5d3afac12defb0897cb84bd/ruff-0.16.8-py3-none-manylinux_2_17_x86_64.manylinux2014_x86_64.whl", hash = "sha256:15e7d226246961db9235098333caa13063906d3851136b84c2900b82f5daa1df", size = 10323796, upload-time = "2026-09-16T15:54:20.743Z" },
    { url = "https://files.pythonhosted.org/packages/f5/2c/cefd07bfe914b84943ea769ade8d607bd22750b965d3228eefd7cebd15d0/ruff-0.16.8-py3-none-manylinux_2_31_riscv64.whl", hash = "sha256:a2bf6bc3e9ebdd4449abc6f06cf64b98051a2c61cf94d2fe9596518c881f1a1e", size = 10514115, upload-time = "2026-09-16T15:54:23.497Z" },
    { url = "https://files.pythonhosted.org/packages/f3/9d/76a2e26c79a23be6e6e3664c57bec9e9fc8de155cfb9e4b67ea91b64f9d7/ruff-0.16.8-py3-none-musllinux_1_2_aarch64.whl", hash = "sha256:6ca111ba0849539165e9e59d2b442542f3c1e8060ebbdea82494f1ffbccb1e1f", size = 10072582, upload-time = "2026-09-16T15:54:26.185Z" },
    { url = "https://files.pythonhosted.org/packages/2e/d4/f42edddb39668af1a559ceafa3823aedd65633a48dc9768e775485faa2c1/ruff-0.16.8-py3-none-musllinux_1_2_armv7l.whl", hash = "sha256:359a1e5b495448ee1e91018064382ebc86f90e8aac2fed222c7d0e4e8df85fd2", size = 9879644, upload-time = "2026-09-16T15:54:29.278Z" },
    { url = "https://files.pythonhosted.org/packages/f8/d4/913e3195d95e0378786c6656945c865f534a3560e29139da4882aff630d1/ruff-0.16.8-py3-none-musllinux_1_2_i686.whl", hash = "sha256:59e8f5681349474110b24d62e93cfda6593f5fa3473446ca3705200cac1a08b9", size = 10231569, upload-time = "2026-09-16T15:54:32.036Z" },
    { url = "https://files.pythonhosted.org/packages/2b/c4/8aa6ea0bdcedbd1bf87397e2fc4ed8406448ea5842f8660bc6e5f163039d/ruff-0.16.8-py3-none-musllinux_1_2_x86_64.whl", hash = "sha256:efa3e7a16d1baaa79957888dfdf8be9ef2e44db81cb032af06d76632ab59e773", size = 10663666, upload-time = "2026-09-16T15:54:34.838Z" },
    { url = "https://files.pythonhosted.org/packages/3d/02/7f10ef4700bc223c30a3fdd10631a29830c45524b810a3c7ed947af64591/ruff-0.16.8-py3-none-win32.whl", hash = "sha256:55793ba85c69921e89be061426d91a78652d6e50317c962240922747a4eb713f", size = 10093472, upload-time = "2026-09-16T15:54:37.47Z" },
    { url = "https://files.pythonhosted.org/packages/1e/5d/a509c07d714b6da88f2c518b4637cf6f1d46b074be8f0f1e5fb9ff5126fe/ruff-0.16.8-py3-none-win_amd64.whl", hash = "sha256:a6b85621fd3c81e31fc5f5add09c9c078b430db3595ca632efafdec9e64ebfaa", size = 10586899, upload-time = "2026-09-16T15:54:40.488Z" },
    { url = "https://files.pythonhosted.org/packages/fe/a0/50787329e4f20bf9dc9f6230015d46ec69c51a97ace5bc202dae4755365d/ruff-0.16.8-py3-none-win_arm64.whl", hash = "sha256:d075e820af612102ce217f07cc93e69f9490b10ec13ea85fa87bd03d996cef8a", size = 10386316, upload-time = "2026-09-16T15:54:43.332Z" },
]

[[package]]
name = "scipy"
version = "1.18.1"
source = { registry = "https://pypi.org/simple" }
dependencies = [
    { name = "numpy" },
]
sdist = { url = "https://files.pythonhosted.org/packages/7e/74/66de6258867beb2ef08f35f9f2ac017a52cacd5081714d239ff1a442d458/scipy-1.18.1.tar.gz", hash = "sha256:52c4b7422442aba924d03ad4019852b08a92e64ea187b933135687bfe2747307", size = 30781235, upload-time = "2026-08-21T23:28:50.599Z" }
wheels = [
    { url = "https://files.pythonhosted.org/packages/06/d5/d8eb4e280ddb56a4ab2c6f02ee49b56b23f6e977cf0802fd6d68dbef14f5/scipy-1.18.1-cp314-cp314-macosx_10_15_x86_64.whl", hash = "sha256:83de5453a7799afc9048b4616bd085cef126e36412f0ea2f6370c36a2a3a51e7", size = 31090936, upload-time = "2026-08-21T23:25:28.686Z" },
    { url = "https://files.pythonhosted.org/packages/2a/49/59ea385dc3a62ff498ddf3cfff7c2b41b0f9f9d3c4122b3f1dcb6d6327fe/scipy-1.18.1-cp314-cp314-macosx_12_0_arm64.whl", hash = "sha256:9554bcc6d715ee87a633a3cc8e7703c6628b100dd29cb8a2efc4c0533c7ff729", size = 28725221, upload-time = "2026-08-21T23:25:33.244Z" },
    { url = "https://files.pythonhosted.org/packages/70/e8/6b0c288c50942d78193696c9f15f9a0874f5178aa0ddf40f83d9924b3e8d/scipy-1.18.1-cp314-cp314-macosx_14_0_arm64.whl", hash = "sha256:011413b7426b75012840e35649e00fe0a2c3bae89fed433876e3a99251572efc", size = 20466839, upload-time = "2026-08-21T23:25:37.516Z" },
    { url = "https://files.pythonhosted.org/packages/4b/e0/54fd3793c729e3b936782f181b59cbb1205bf250ab605a16cb1ba61cdd5e/scipy-1.18.1-cp314-cp314-macosx_14_0_x86_64.whl", hash = "sha256:88f0e784020649f88ea48c9f5ddfa403bf9205820667c0914740b392035afb82", size = 23089121, upload-time = "2026-08-21T23:25:42.019Z" },
    { url = "https://files.pythonhosted.org/packages/0b/56/030af62bea3cf878e0028515dff78c123b01633606a879b63f42d2db99cc/scipy-1.18.1-cp314-cp314-manylinux_2_27_aarch64.manylinux_2_28_aarch64.whl", hash = "sha256:2d3ab0e8c69a17dd3559eab8cbb88f258e285c94d572c2719033f90f83290c89", size = 34053851, upload-time = "2026-08-21T23:25:47.998Z" },
    { url = "https://files.pythonhosted.org/packages/6b/89/2a844506d49651e9aa1af6ef95b6bd8031cb1d5a4375edec6155037e04cf/scipy-1.18.1-cp314-cp314-manylinux_2_27_x86_64.manylinux_2_28_x86_64.whl", hash = "sha256:ac0333bdf38309aa3dcbe7e3fa7ea29e7a2c37c6ea306a757b700ded8e4596ad", size = 35329183, upload-time = "2026-08-21T23:25:53.522Z" },
    { url = "https://files.pythonhosted.org/packages/eb/56/c7370c3640e92ac9613cbf26cb3f729f9b12ddf1727b55b94b53b24d6f48/scipy-1.18.1-cp314-cp314-musllinux_1_2_aarch64.whl", hash = "sha256:911de823097db8b63f034299d12662db93344e6ffa0b881cbb57748974b70168", size = 35672551, upload-time = "2026-08-21T23:25:59.387Z" },
    { url = "https://files.pythonhosted.org/packages/24/16/ec8536f351421f8bf60a1120930638f83790f4710b8230446aca3d6159d4/scipy-1.18.1-cp314-cp314-musllinux_1_2_x86_64.whl", hash = "sha256:95298364e251be3e60249facbeeca03631d3bb7584f85879516ec55ac717b81f", size = 37469416, upload-time = "2026-08-21T23:26:05.432Z" },
    { url = "https://files.pythonhosted.org/packages/52/94/d73da0d28f16c45bb9b0a5691b91610b0275c5ef0eb5e43c87cf2dc1bf31/scipy-1.18.1-cp314-cp314-win_amd64.whl", hash = "sha256:78a0d7c918e74a232394117160e7e3db503377572a45bcef8826e4ab8a35feba", size = 37362755, upload-time = "2026-08-21T23:26:11.366Z" },
    { url = "https://files.pythonhosted.org/packages/89/25/e996e4dc74e10e227b1e14db5eaf6608bb6dd33884a64851c38f18dd4249/scipy-1.18.1-cp314-cp314-win_arm64.whl", hash = "sha256:cbf38d043c1aa4ab306e1ada6ab6eddacc3322a20b7af1b30bc93254b366fe09", size = 25036090, upload-time = "2026-08-21T23:26:15.887Z" },
    { url = "https://files.pythonhosted.org/packages/fa/c9/c00213f92309d753b48903e6a451b87eb52ff5b7a16e789d1568bbf221c4/scipy-1.18.1-cp314-cp314t-macosx_10_15_x86_64.whl", hash = "sha256:0fcb3c93519f27bb4f0c4b0f7802cdcaca7fcf93267b75edda2e9f4e8a55cbd7", size = 31485550, upload-time = "2026-08-21T23:26:20.776Z" },
    { url = "https://files.pythonhosted.org/packages/74/b2/e3067c487982d4eeab2938928529410370c06fea84a4d3f4925e7d96647d/scipy-1.18.1-cp314-cp314t-macosx_12_0_arm64.whl", hash = "sha256:ddef79fb382df40104a19bb7151b3b23e57c1778fcf857c71ceecd9bd264513f", size = 29174642, upload-time = "2026-08-21T23:26:25.395Z" },
    { url = "https://files.pythonhosted.org/packages/d5/ab/374c9fe2d1ec014e576c781a4b5d8e1ba340e8f6b4638c16f711d2b194f0/scipy-1.18.1-cp314-cp314t-macosx_14_0_arm64.whl", hash = "sha256:0e82073ecc7acc6436fac4b31674109c7e1d3e596789767eda01258a8c9e8123", size = 20916357, upload-time = "2026-08-21T23:26:30.112Z" },
    { url = "https://files.pythonhosted.org/packages/90/38/223915c88a17317cafbf8ca2a42b11c265a9fb1e804aa665544132b5fe8a/scipy-1.18.1-cp314-cp314t-macosx_14_0_x86_64.whl", hash = "sha256:8bcf3c1ba5d6456e2effd30fcbd3459b044d683fcdac79a2e6830f0bdf7de487", size = 23482611, upload-time = "2026-08-21T23:26:34.846Z" },
    { url = "https://files.pythonhosted.org/packages/c4/d1/db0948da8ca57a80b36520ef0a768b967d99f3af65f4b6f1bf6362ad4dd4/scipy-1.18.1-cp314-cp314t-manylinux_2_27_aarch64.manylinux_2_28_aarch64.whl", hash = "sha256:cfbf154f2ba187f2ed6cce2639efff7d105f1140573642c0161615b6d91d6a87", size = 34143202, upload-time = "2026-08-21T23:26:40.4Z" },
    { url = "https://files.pythonhosted.org/packages/87/53/39d046cc7574ed6acacb6bd5723e220107ece80bff12faaf3efc4ddeede4/scipy-1.18.1-cp314-cp314t-manylinux_2_27_x86_64.manylinux_2_28_x86_64.whl", hash = "sha256:a1d33a7836f7ddc1993427966a0823468ec41bcbdb1a9f9942d1d7e57f803ba3", size = 35380876, upload-time = "2026-08-21T23:26:46.1Z" },
    { url = "https://files.pythonhosted.org/packages/f9/da/32e0e799d875a85ca57d9bde6c78148afcc0e38276df683d95854eadc8c3/scipy-1.18.1-cp314-cp314t-musllinux_1_2_aarch64.whl", hash = "sha256:7f4b8bc363b6d65ee2152bec57568e3c52639bb34c46057b09857a307ed5e21d", size = 35770885, upload-time = "2026-08-21T23:26:51.533Z" },
    { url = "https://files.pythonhosted.org/packages/88/2e/f97a666d362fee68b18f41c9c30ed502ca5c98b549749bfcb52a8b74d1eb/scipy-1.18.1-cp314-cp314t-musllinux_1_2_x86_64.whl", hash = "sha256:11c423f1049c5755ad4409af52a9ada1cff96fe9b50795d4af3619f292901239", size = 37525424, upload-time = "2026-08-21T23:26:56.751Z" },
    { url = "https://files.pythonhosted.org/packages/ca/d5/a9e765a84654ebba8479a1fd1b059ced1af72b168a3b2a3a46540ea38d20/scipy-1.18.1-cp314-cp314t-win_amd64.whl", hash = "sha256:c24acac1e18912761c4700239bbc1fd32f615af690f1584d49b35859be51324d", size = 37416961, upload-time = "2026-08-21T23:27:01.546Z" },
    { url = "https://files.pythonhosted.org/packages/ee/16/e79e0d1c63ef698879d85439d37e9fb434e3b804e506a6991038d086ebd9/scipy-1.18.1-cp314-cp314t-win_arm64.whl", hash = "sha256:9f2897bf7737392ad0d5213ea7b6add72a4edf5679b3153106aeb88b6507b3b9", size = 25331848, upload-time = "2026-08-21T23:27:05.884Z" },
]
